{
  "name": "chi-bill-bot",
  "version": "0.0.1",
  "lockfileVersion": 1,
  "requires": true,
  "dependencies": {
    "bluebird": {
      "version": "3.7.2",
      "resolved": "https://registry.npmjs.org/bluebird/-/bluebird-3.7.2.tgz",
      "integrity": "sha512-XpNj6GDQzdfW+r2Wnn7xiSAd7TM3jzkxGXBGTtWKuSXv1xUV+azxAm8jdWZN06QTQk+2N2XB9jRDkvbmQmcRtg==",
      "dev": true
    },
    "lodash": {
      "version": "4.17.20",
      "resolved": "https://registry.npmjs.org/lodash/-/lodash-4.17.20.tgz",
      "integrity": "sha512-PlhdFcillOINfeV7Ni6oF1TAEayyZBoZ8bcshTHqOYJYlrqzRK5hagpagky5o4HfCzzd1TRkXPMFq6cKk9rGmA==",
      "dev": true
    },
    "serverless-plugin-aws-alerts": {
      "version": "1.6.1",
      "resolved": "https://registry.npmjs.org/serverless-plugin-aws-alerts/-/serverless-plugin-aws-alerts-1.6.1.tgz",
      "integrity": "sha512-ylw60cZkjDFtTR08eEKcIU5CHK0PD8TLmTERZ0V4Aoo7cDqT/a9Lr4Ke9U2yBabxrRRqCg1zzZ9QqtQL99YlZA==",
      "dev": true,
      "requires": {
        "lodash": "^4.17.10"
      }
    },
    "serverless-prune-plugin": {
      "version": "1.4.3",
      "resolved": "https://registry.npmjs.org/serverless-prune-plugin/-/serverless-prune-plugin-1.4.3.tgz",
      "integrity": "sha512-gsZF3oLs5rFdp6ynjiWf5cuXZ4DZrAhxRd5Zf2gfH/43kPqtZMZzUqcGYbHh1OXbOzogdn8fEg5d4Q3xxWwRBA==",
      "dev": true,
      "requires": {
        "bluebird": "^3.4.7"
      }
    }
  }
}
